
Microsoft Visual Studio Solution File, Format Version 12.00
# Visual Studio Version 17
VisualStudioVersion = 17.3.32819.101
MinimumVisualStudioVersion = 10.0.40219.1
Project("{FAE04EC0-301F-11D3-BF4B-00C04F79EFBC}") = "Assignment_1", "Assignment_1\Assignment_1.csproj", "{018B0A5A-E17A-452A-A0C0-FD60E9142ECC}"
EndProject
Global
	GlobalSection(SolutionConfigurationPlatforms) = preSolution
		Debug|Any CPU = Debug|Any CPU
		Release|Any CPU = Release|Any CPU
	EndGlobalSection
	GlobalSection(ProjectConfigurationPlatforms) = postSolution
		{018B0A5A-E17A-452A-A0C0-FD60E9142ECC}.Debug|Any CPU.ActiveCfg = Debug|Any CPU
		{018B0A5A-E17A-452A-A0C0-FD60E9142ECC}.Debug|Any CPU.Build.0 = Debug|Any CPU
		{018B0A5A-E17A-452A-A0C0-FD60E9142ECC}.Release|Any CPU.ActiveCfg = Release|Any CPU
		{018B0A5A-E17A-452A-A0C0-FD60E9142ECC}.Release|Any CPU.Build.0 = Release|Any CPU
	EndGlobalSection
	GlobalSection(SolutionProperties) = preSolution
		HideSolutionNode = FALSE
	EndGlobalSection
	GlobalSection(ExtensibilityGlobals) = postSolution
		SolutionGuid = {B508E2C3-C0FC-42DF-B729-5B4AC437B653}
	EndGlobalSection
EndGlobal
